
Microsoft Visual Studio Solution File, Format Version 12.00
# Visual Studio 15
VisualStudioVersion = 15.0.26124.0
MinimumVisualStudioVersion = 15.0.26124.0
Project("{2150E333-8FDC-42A3-9474-1A3956D46DE8}") = "src", "src", "{BEC1E212-042B-4968-9D75-4935F9012EF5}"
EndProject
Project("{FAE04EC0-301F-11D3-BF4B-00C04F79EFBC}") = "Gradebook", "src\Gradebook\Gradebook.csproj", "{3393FF3A-6EDA-49A4-843E-1C15C21E1D4A}"
EndProject
Project("{2150E333-8FDC-42A3-9474-1A3956D46DE8}") = "test", "test", "{72500D3E-8BFE-45AB-8AB1-0770F1ED7737}"
EndProject
Project("{FAE04EC0-301F-11D3-BF4B-00C04F79EFBC}") = "GradeBook.Tests", "test\GradeBook.Tests\GradeBook.Tests.csproj", "{FE5D6837-F055-4CB0-ABA7-BF3C9E75AC6C}"
EndProject
Global
	GlobalSection(SolutionConfigurationPlatforms) = preSolution
		Debug|Any CPU = Debug|Any CPU
		Debug|x64 = Debug|x64
		Debug|x86 = Debug|x86
		Release|Any CPU = Release|Any CPU
		Release|x64 = Release|x64
		Release|x86 = Release|x86
	EndGlobalSection
	GlobalSection(SolutionProperties) = preSolution
		HideSolutionNode = FALSE
	EndGlobalSection
	GlobalSection(ProjectConfigurationPlatforms) = postSolution
		{3393FF3A-6EDA-49A4-843E-1C15C21E1D4A}.Debug|Any CPU.ActiveCfg = Debug|Any CPU
		{3393FF3A-6EDA-49A4-843E-1C15C21E1D4A}.Debug|Any CPU.Build.0 = Debug|Any CPU
		{3393FF3A-6EDA-49A4-843E-1C15C21E1D4A}.Debug|x64.ActiveCfg = Debug|Any CPU
		{3393FF3A-6EDA-49A4-843E-1C15C21E1D4A}.Debug|x64.Build.0 = Debug|Any CPU
		{3393FF3A-6EDA-49A4-843E-1C15C21E1D4A}.Debug|x86.ActiveCfg = Debug|Any CPU
		{3393FF3A-6EDA-49A4-843E-1C15C21E1D4A}.Debug|x86.Build.0 = Debug|Any CPU
		{3393FF3A-6EDA-49A4-843E-1C15C21E1D4A}.Release|Any CPU.ActiveCfg = Release|Any CPU
		{3393FF3A-6EDA-49A4-843E-1C15C21E1D4A}.Release|Any CPU.Build.0 = Release|Any CPU
		{3393FF3A-6EDA-49A4-843E-1C15C21E1D4A}.Release|x64.ActiveCfg = Release|Any CPU
		{3393FF3A-6EDA-49A4-843E-1C15C21E1D4A}.Release|x64.Build.0 = Release|Any CPU
		{3393FF3A-6EDA-49A4-843E-1C15C21E1D4A}.Release|x86.ActiveCfg = Release|Any CPU
		{3393FF3A-6EDA-49A4-843E-1C15C21E1D4A}.Release|x86.Build.0 = Release|Any CPU
		{FE5D6837-F055-4CB0-ABA7-BF3C9E75AC6C}.Debug|Any CPU.ActiveCfg = Debug|Any CPU
		{FE5D6837-F055-4CB0-ABA7-BF3C9E75AC6C}.Debug|Any CPU.Build.0 = Debug|Any CPU
		{FE5D6837-F055-4CB0-ABA7-BF3C9E75AC6C}.Debug|x64.ActiveCfg = Debug|Any CPU
		{FE5D6837-F055-4CB0-ABA7-BF3C9E75AC6C}.Debug|x64.Build.0 = Debug|Any CPU
		{FE5D6837-F055-4CB0-ABA7-BF3C9E75AC6C}.Debug|x86.ActiveCfg = Debug|Any CPU
		{FE5D6837-F055-4CB0-ABA7-BF3C9E75AC6C}.Debug|x86.Build.0 = Debug|Any CPU
		{FE5D6837-F055-4CB0-ABA7-BF3C9E75AC6C}.Release|Any CPU.ActiveCfg = Release|Any CPU
		{FE5D6837-F055-4CB0-ABA7-BF3C9E75AC6C}.Release|Any CPU.Build.0 = Release|Any CPU
		{FE5D6837-F055-4CB0-ABA7-BF3C9E75AC6C}.Release|x64.ActiveCfg = Release|Any CPU
		{FE5D6837-F055-4CB0-ABA7-BF3C9E75AC6C}.Release|x64.Build.0 = Release|Any CPU
		{FE5D6837-F055-4CB0-ABA7-BF3C9E75AC6C}.Release|x86.ActiveCfg = Release|Any CPU
		{FE5D6837-F055-4CB0-ABA7-BF3C9E75AC6C}.Release|x86.Build.0 = Release|Any CPU
	EndGlobalSection
	GlobalSection(NestedProjects) = preSolution
		{3393FF3A-6EDA-49A4-843E-1C15C21E1D4A} = {BEC1E212-042B-4968-9D75-4935F9012EF5}
		{FE5D6837-F055-4CB0-ABA7-BF3C9E75AC6C} = {72500D3E-8BFE-45AB-8AB1-0770F1ED7737}
	EndGlobalSection
EndGlobal
